// !$*UTF8*$!
{
	archiveVersion = 1;
	classes = {
	};
	objectVersion = 50;
	objects = {

/* Begin PBXBuildFile section */
		A4F65DD7264F26600038509C /* LinceApp.swift in Sources */ = {isa = PBXBuildFile; fileRef = A4F65DD6264F26600038509C /* LinceApp.swift */; };
		A4F65DDB264F26620038509C /* Assets.xcassets in Resources */ = {isa = PBXBuildFile; fileRef = A4F65DDA264F26620038509C /* Assets.xcassets */; };
		A4F65DDE264F26620038509C /* Preview Assets.xcassets in Resources */ = {isa = PBXBuildFile; fileRef = A4F65DDD264F26620038509C /* Preview Assets.xcassets */; };
		A4F65DEA264F28270038509C /* User.swift in Sources */ = {isa = PBXBuildFile; fileRef = A4F65DE9264F28270038509C /* User.swift */; };
		A4F65DED264F50DE0038509C /* MainView.swift in Sources */ = {isa = PBXBuildFile; fileRef = A4F65DEC264F50DE0038509C /* MainView.swift */; };
		A4F65DF0264F51F00038509C /* FeedView.swift in Sources */ = {isa = PBXBuildFile; fileRef = A4F65DEF264F51F00038509C /* FeedView.swift */; };
		A4F65DF3264F52410038509C /* NewsView.swift in Sources */ = {isa = PBXBuildFile; fileRef = A4F65DF2264F52410038509C /* NewsView.swift */; };
		A4F65DF6264F52830038509C /* NotificationsView.swift in Sources */ = {isa = PBXBuildFile; fileRef = A4F65DF5264F52830038509C /* NotificationsView.swift */; };
		A4F65DF9264F52C60038509C /* DiscoveryView.swift in Sources */ = {isa = PBXBuildFile; fileRef = A4F65DF8264F52C60038509C /* DiscoveryView.swift */; };
		A4F65DFC264F54880038509C /* UserView.swift in Sources */ = {isa = PBXBuildFile; fileRef = A4F65DFB264F54880038509C /* UserView.swift */; };
		A4F65E00265050DA0038509C /* publiBlock.swift in Sources */ = {isa = PBXBuildFile; fileRef = A4F65DFF265050DA0038509C /* publiBlock.swift */; };
		A4F65E09265059ED0038509C /* NewsBlock.swift in Sources */ = {isa = PBXBuildFile; fileRef = A4F65E08265059ED0038509C /* NewsBlock.swift */; };
		A4F65E0C26505BCA0038509C /* NotificationBlock.swift in Sources */ = {isa = PBXBuildFile; fileRef = A4F65E0B26505BCA0038509C /* NotificationBlock.swift */; };
		A4F65E0F265062A30038509C /* ComunityView.swift in Sources */ = {isa = PBXBuildFile; fileRef = A4F65E0E265062A30038509C /* ComunityView.swift */; };
		A4F65E12265062BA0038509C /* StreamingView.swift in Sources */ = {isa = PBXBuildFile; fileRef = A4F65E11265062BA0038509C /* StreamingView.swift */; };
		A4F65E15265062C70038509C /* MarketplaceView.swift in Sources */ = {isa = PBXBuildFile; fileRef = A4F65E14265062C70038509C /* MarketplaceView.swift */; };
		A4F65E25265088470038509C /* ComunityFeaturedView.swift in Sources */ = {isa = PBXBuildFile; fileRef = A4F65E24265088470038509C /* ComunityFeaturedView.swift */; };
		A4F65E2926508D950038509C /* StreamingFeaturedView.swift in Sources */ = {isa = PBXBuildFile; fileRef = A4F65E2826508D950038509C /* StreamingFeaturedView.swift */; };
		A4F65E2C26508F670038509C /* MarketplaceFeaturedView.swift in Sources */ = {isa = PBXBuildFile; fileRef = A4F65E2B26508F670038509C /* MarketplaceFeaturedView.swift */; };
		A4F65E2F265098670038509C /* CalendarView.swift in Sources */ = {isa = PBXBuildFile; fileRef = A4F65E2E265098670038509C /* CalendarView.swift */; };
		A4F65E3326509A470038509C /* PhotoChangeView.swift in Sources */ = {isa = PBXBuildFile; fileRef = A4F65E3226509A470038509C /* PhotoChangeView.swift */; };
		A4F65E392650A8B20038509C /* ContractsView.swift in Sources */ = {isa = PBXBuildFile; fileRef = A4F65E382650A8B20038509C /* ContractsView.swift */; };
		A4F65E3C2650A8BF0038509C /* DesafiosView.swift in Sources */ = {isa = PBXBuildFile; fileRef = A4F65E3B2650A8BF0038509C /* DesafiosView.swift */; };
		A4F65E402650A8D90038509C /* ConfigView.swift in Sources */ = {isa = PBXBuildFile; fileRef = A4F65E3F2650A8D90038509C /* ConfigView.swift */; };
		A4F65E472650B98F0038509C /* CabecalhoView.swift in Sources */ = {isa = PBXBuildFile; fileRef = A4F65E462650B98F0038509C /* CabecalhoView.swift */; };
/* End PBXBuildFile section */

/* Begin PBXFileReference section */
		A4F65DD3264F26600038509C /* Lince.app */ = {isa = PBXFileReference; explicitFileType = wrapper.application; includeInIndex = 0; path = Lince.app; sourceTree = BUILT_PRODUCTS_DIR; };
		A4F65DD6264F26600038509C /* LinceApp.swift */ = {isa = PBXFileReference; lastKnownFileType = sourcecode.swift; path = LinceApp.swift; sourceTree = "<group>"; };
		A4F65DDA264F26620038509C /* Assets.xcassets */ = {isa = PBXFileReference; lastKnownFileType = folder.assetcatalog; path = Assets.xcassets; sourceTree = "<group>"; };
		A4F65DDD264F26620038509C /* Preview Assets.xcassets */ = {isa = PBXFileReference; lastKnownFileType = folder.assetcatalog; path = "Preview Assets.xcassets"; sourceTree = "<group>"; };
		A4F65DDF264F26620038509C /* Info.plist */ = {isa = PBXFileReference; lastKnownFileType = text.plist.xml; path = Info.plist; sourceTree = "<group>"; };
		A4F65DE9264F28270038509C /* User.swift */ = {isa = PBXFileReference; lastKnownFileType = sourcecode.swift; path = User.swift; sourceTree = "<group>"; };
		A4F65DEC264F50DE0038509C /* MainView.swift */ = {isa = PBXFileReference; lastKnownFileType = sourcecode.swift; path = MainView.swift; sourceTree = "<group>"; };
		A4F65DEF264F51F00038509C /* FeedView.swift */ = {isa = PBXFileReference; lastKnownFileType = sourcecode.swift; path = FeedView.swift; sourceTree = "<group>"; };
		A4F65DF2264F52410038509C /* NewsView.swift */ = {isa = PBXFileReference; lastKnownFileType = sourcecode.swift; path = NewsView.swift; sourceTree = "<group>"; };
		A4F65DF5264F52830038509C /* NotificationsView.swift */ = {isa = PBXFileReference; lastKnownFileType = sourcecode.swift; path = NotificationsView.swift; sourceTree = "<group>"; };
		A4F65DF8264F52C60038509C /* DiscoveryView.swift */ = {isa = PBXFileReference; lastKnownFileType = sourcecode.swift; path = DiscoveryView.swift; sourceTree = "<group>"; };
		A4F65DFB264F54880038509C /* UserView.swift */ = {isa = PBXFileReference; lastKnownFileType = sourcecode.swift; path = UserView.swift; sourceTree = "<group>"; };
		A4F65DFF265050DA0038509C /* publiBlock.swift */ = {isa = PBXFileReference; lastKnownFileType = sourcecode.swift; path = publiBlock.swift; sourceTree = "<group>"; };
		A4F65E08265059ED0038509C /* NewsBlock.swift */ = {isa = PBXFileReference; lastKnownFileType = sourcecode.swift; path = NewsBlock.swift; sourceTree = "<group>"; };
		A4F65E0B26505BCA0038509C /* NotificationBlock.swift */ = {isa = PBXFileReference; lastKnownFileType = sourcecode.swift; path = NotificationBlock.swift; sourceTree = "<group>"; };
		A4F65E0E265062A30038509C /* ComunityView.swift */ = {isa = PBXFileReference; lastKnownFileType = sourcecode.swift; path = ComunityView.swift; sourceTree = "<group>"; };
		A4F65E11265062BA0038509C /* StreamingView.swift */ = {isa = PBXFileReference; lastKnownFileType = sourcecode.swift; path = StreamingView.swift; sourceTree = "<group>"; };
		A4F65E14265062C70038509C /* MarketplaceView.swift */ = {isa = PBXFileReference; lastKnownFileType = sourcecode.swift; path = MarketplaceView.swift; sourceTree = "<group>"; };
		A4F65E24265088470038509C /* ComunityFeaturedView.swift */ = {isa = PBXFileReference; lastKnownFileType = sourcecode.swift; path = ComunityFeaturedView.swift; sourceTree = "<group>"; };
		A4F65E2826508D950038509C /* StreamingFeaturedView.swift */ = {isa = PBXFileReference; lastKnownFileType = sourcecode.swift; path = StreamingFeaturedView.swift; sourceTree = "<group>"; };
		A4F65E2B26508F670038509C /* MarketplaceFeaturedView.swift */ = {isa = PBXFileReference; lastKnownFileType = sourcecode.swift; path = MarketplaceFeaturedView.swift; sourceTree = "<group>"; };
		A4F65E2E265098670038509C /* CalendarView.swift */ = {isa = PBXFileReference; lastKnownFileType = sourcecode.swift; path = CalendarView.swift; sourceTree = "<group>"; };
		A4F65E3226509A470038509C /* PhotoChangeView.swift */ = {isa = PBXFileReference; lastKnownFileType = sourcecode.swift; path = PhotoChangeView.swift; sourceTree = "<group>"; };
		A4F65E382650A8B20038509C /* ContractsView.swift */ = {isa = PBXFileReference; lastKnownFileType = sourcecode.swift; path = ContractsView.swift; sourceTree = "<group>"; };
		A4F65E3B2650A8BF0038509C /* DesafiosView.swift */ = {isa = PBXFileReference; lastKnownFileType = sourcecode.swift; path = DesafiosView.swift; sourceTree = "<group>"; };
		A4F65E3F2650A8D90038509C /* ConfigView.swift */ = {isa = PBXFileReference; lastKnownFileType = sourcecode.swift; path = ConfigView.swift; sourceTree = "<group>"; };
		A4F65E462650B98F0038509C /* CabecalhoView.swift */ = {isa = PBXFileReference; lastKnownFileType = sourcecode.swift; path = CabecalhoView.swift; sourceTree = "<group>"; };
/* End PBXFileReference section */

/* Begin PBXFrameworksBuildPhase section */
		A4F65DD0264F26600038509C /* Frameworks */ = {
			isa = PBXFrameworksBuildPhase;
			buildActionMask = 2147483647;
			files = (
			);
			runOnlyForDeploymentPostprocessing = 0;
		};
/* End PBXFrameworksBuildPhase section */

/* Begin PBXGroup section */
		A4F65DCA264F26600038509C = {
			isa = PBXGroup;
			children = (
				A4F65DD5264F26600038509C /* Lince */,
				A4F65DD4264F26600038509C /* Products */,
			);
			sourceTree = "<group>";
		};
		A4F65DD4264F26600038509C /* Products */ = {
			isa = PBXGroup;
			children = (
				A4F65DD3264F26600038509C /* Lince.app */,
			);
			name = Products;
			sourceTree = "<group>";
		};
		A4F65DD5264F26600038509C /* Lince */ = {
			isa = PBXGroup;
			children = (
				A4F65DD6264F26600038509C /* LinceApp.swift */,
				A4F65DE7264F27090038509C /* Models */,
				A4F65DE6264F27020038509C /* Views */,
				A4F65DDA264F26620038509C /* Assets.xcassets */,
				A4F65DDF264F26620038509C /* Info.plist */,
				A4F65DDC264F26620038509C /* Preview Content */,
			);
			path = Lince;
			sourceTree = "<group>";
		};
		A4F65DDC264F26620038509C /* Preview Content */ = {
			isa = PBXGroup;
			children = (
				A4F65DDD264F26620038509C /* Preview Assets.xcassets */,
			);
			path = "Preview Content";
			sourceTree = "<group>";
		};
		A4F65DE6264F27020038509C /* Views */ = {
			isa = PBXGroup;
			children = (
				A4F65DEC264F50DE0038509C /* MainView.swift */,
				A4F65E072650598D0038509C /* User */,
				A4F65E062650597A0038509C /* Discovery */,
				A4F65E052650596E0038509C /* Notifications */,
				A4F65E04265059690038509C /* News */,
				A4F65E03265059620038509C /* Feed */,
				A4F65E362650A4130038509C /* Auxiliary */,
			);
			path = Views;
			sourceTree = "<group>";
		};
		A4F65DE7264F27090038509C /* Models */ = {
			isa = PBXGroup;
			children = (
				A4F65DE9264F28270038509C /* User.swift */,
			);
			path = Models;
			sourceTree = "<group>";
		};
		A4F65E03265059620038509C /* Feed */ = {
			isa = PBXGroup;
			children = (
				A4F65DFF265050DA0038509C /* publiBlock.swift */,
				A4F65DEF264F51F00038509C /* FeedView.swift */,
			);
			path = Feed;
			sourceTree = "<group>";
		};
		A4F65E04265059690038509C /* News */ = {
			isa = PBXGroup;
			children = (
				A4F65DF2264F52410038509C /* NewsView.swift */,
				A4F65E08265059ED0038509C /* NewsBlock.swift */,
			);
			path = News;
			sourceTree = "<group>";
		};
		A4F65E052650596E0038509C /* Notifications */ = {
			isa = PBXGroup;
			children = (
				A4F65DF5264F52830038509C /* NotificationsView.swift */,
				A4F65E0B26505BCA0038509C /* NotificationBlock.swift */,
			);
			path = Notifications;
			sourceTree = "<group>";
		};
		A4F65E062650597A0038509C /* Discovery */ = {
			isa = PBXGroup;
			children = (
				A4F65DF8264F52C60038509C /* DiscoveryView.swift */,
				A4F65E1A265067600038509C /* Marketplace */,
				A4F65E19265067550038509C /* Streaming */,
				A4F65E18265067450038509C /* Comunity */,
			);
			path = Discovery;
			sourceTree = "<group>";
		};
		A4F65E072650598D0038509C /* User */ = {
			isa = PBXGroup;
			children = (
				A4F65E2E265098670038509C /* CalendarView.swift */,
				A4F65DFB264F54880038509C /* UserView.swift */,
				A4F65E382650A8B20038509C /* ContractsView.swift */,
				A4F65E3B2650A8BF0038509C /* DesafiosView.swift */,
				A4F65E3F2650A8D90038509C /* ConfigView.swift */,
			);
			path = User;
			sourceTree = "<group>";
		};
		A4F65E18265067450038509C /* Comunity */ = {
			isa = PBXGroup;
			children = (
				A4F65E0E265062A30038509C /* ComunityView.swift */,
				A4F65E24265088470038509C /* ComunityFeaturedView.swift */,
			);
			path = Comunity;
			sourceTree = "<group>";
		};
		A4F65E19265067550038509C /* Streaming */ = {
			isa = PBXGroup;
			children = (
				A4F65E11265062BA0038509C /* StreamingView.swift */,
				A4F65E2826508D950038509C /* StreamingFeaturedView.swift */,
			);
			path = Streaming;
			sourceTree = "<group>";
		};
		A4F65E1A265067600038509C /* Marketplace */ = {
			isa = PBXGroup;
			children = (
				A4F65E14265062C70038509C /* MarketplaceView.swift */,
				A4F65E2B26508F670038509C /* MarketplaceFeaturedView.swift */,
			);
			path = Marketplace;
			sourceTree = "<group>";
		};
		A4F65E362650A4130038509C /* Auxiliary */ = {
			isa = PBXGroup;
			children = (
				A4F65E3226509A470038509C /* PhotoChangeView.swift */,
				A4F65E462650B98F0038509C /* CabecalhoView.swift */,
			);
			path = Auxiliary;
			sourceTree = "<group>";
		};
/* End PBXGroup section */

/* Begin PBXNativeTarget section */
		A4F65DD2264F26600038509C /* Lince */ = {
			isa = PBXNativeTarget;
			buildConfigurationList = A4F65DE2264F26620038509C /* Build configuration list for PBXNativeTarget "Lince" */;
			buildPhases = (
				A4F65DCF264F26600038509C /* Sources */,
				A4F65DD0264F26600038509C /* Frameworks */,
				A4F65DD1264F26600038509C /* Resources */,
			);
			buildRules = (
			);
			dependencies = (
			);
			name = Lince;
			productName = Lince;
			productReference = A4F65DD3264F26600038509C /* Lince.app */;
			productType = "com.apple.product-type.application";
		};
/* End PBXNativeTarget section */

/* Begin PBXProject section */
		A4F65DCB264F26600038509C /* Project object */ = {
			isa = PBXProject;
			attributes = {
				LastSwiftUpdateCheck = 1240;
				LastUpgradeCheck = 1240;
				TargetAttributes = {
					A4F65DD2264F26600038509C = {
						CreatedOnToolsVersion = 12.4;
					};
				};
			};
			buildConfigurationList = A4F65DCE264F26600038509C /* Build configuration list for PBXProject "Lince" */;
			compatibilityVersion = "Xcode 9.3";
			developmentRegion = en;
			hasScannedForEncodings = 0;
			knownRegions = (
				en,
				Base,
			);
			mainGroup = A4F65DCA264F26600038509C;
			productRefGroup = A4F65DD4264F26600038509C /* Products */;
			projectDirPath = "";
			projectRoot = "";
			targets = (
				A4F65DD2264F26600038509C /* Lince */,
			);
		};
/* End PBXProject section */

/* Begin PBXResourcesBuildPhase section */
		A4F65DD1264F26600038509C /* Resources */ = {
			isa = PBXResourcesBuildPhase;
			buildActionMask = 2147483647;
			files = (
				A4F65DDE264F26620038509C /* Preview Assets.xcassets in Resources */,
				A4F65DDB264F26620038509C /* Assets.xcassets in Resources */,
			);
			runOnlyForDeploymentPostprocessing = 0;
		};
/* End PBXResourcesBuildPhase section */

/* Begin PBXSourcesBuildPhase section */
		A4F65DCF264F26600038509C /* Sources */ = {
			isa = PBXSourcesBuildPhase;
			buildActionMask = 2147483647;
			files = (
				A4F65E00265050DA0038509C /* publiBlock.swift in Sources */,
				A4F65DF0264F51F00038509C /* FeedView.swift in Sources */,
				A4F65E392650A8B20038509C /* ContractsView.swift in Sources */,
				A4F65E15265062C70038509C /* MarketplaceView.swift in Sources */,
				A4F65E402650A8D90038509C /* ConfigView.swift in Sources */,
				A4F65DF9264F52C60038509C /* DiscoveryView.swift in Sources */,
				A4F65E09265059ED0038509C /* NewsBlock.swift in Sources */,
				A4F65E0F265062A30038509C /* ComunityView.swift in Sources */,
				A4F65E3C2650A8BF0038509C /* DesafiosView.swift in Sources */,
				A4F65E3326509A470038509C /* PhotoChangeView.swift in Sources */,
				A4F65E472650B98F0038509C /* CabecalhoView.swift in Sources */,
				A4F65DED264F50DE0038509C /* MainView.swift in Sources */,
				A4F65E25265088470038509C /* ComunityFeaturedView.swift in Sources */,
				A4F65DF3264F52410038509C /* NewsView.swift in Sources */,
				A4F65DD7264F26600038509C /* LinceApp.swift in Sources */,
				A4F65E0C26505BCA0038509C /* NotificationBlock.swift in Sources */,
				A4F65E2926508D950038509C /* StreamingFeaturedView.swift in Sources */,
				A4F65DEA264F28270038509C /* User.swift in Sources */,
				A4F65DFC264F54880038509C /* UserView.swift in Sources */,
				A4F65E2F265098670038509C /* CalendarView.swift in Sources */,
				A4F65E2C26508F670038509C /* MarketplaceFeaturedView.swift in Sources */,
				A4F65DF6264F52830038509C /* NotificationsView.swift in Sources */,
				A4F65E12265062BA0038509C /* StreamingView.swift in Sources */,
			);
			runOnlyForDeploymentPostprocessing = 0;
		};
/* End PBXSourcesBuildPhase section */

/* Begin XCBuildConfiguration section */
		A4F65DE0264F26620038509C /* Debug */ = {
			isa = XCBuildConfiguration;
			buildSettings = {
				ALWAYS_SEARCH_USER_PATHS = NO;
				CLANG_ANALYZER_NONNULL = YES;
				CLANG_ANALYZER_NUMBER_OBJECT_CONVERSION = YES_AGGRESSIVE;
				CLANG_CXX_LANGUAGE_STANDARD = "gnu++14";
				CLANG_CXX_LIBRARY = "libc++";
				CLANG_ENABLE_MODULES = YES;
				CLANG_ENABLE_OBJC_ARC = YES;
				CLANG_ENABLE_OBJC_WEAK = YES;
				CLANG_WARN_BLOCK_CAPTURE_AUTORELEASING = YES;
				CLANG_WARN_BOOL_CONVERSION = YES;
				CLANG_WARN_COMMA = YES;
				CLANG_WARN_CONSTANT_CONVERSION = YES;
				CLANG_WARN_DEPRECATED_OBJC_IMPLEMENTATIONS = YES;
				CLANG_WARN_DIRECT_OBJC_ISA_USAGE = YES_ERROR;
				CLANG_WARN_DOCUMENTATION_COMMENTS = YES;
				CLANG_WARN_EMPTY_BODY = YES;
				CLANG_WARN_ENUM_CONVERSION = YES;
				CLANG_WARN_INFINITE_RECURSION = YES;
				CLANG_WARN_INT_CONVERSION = YES;
				CLANG_WARN_NON_LITERAL_NULL_CONVERSION = YES;
				CLANG_WARN_OBJC_IMPLICIT_RETAIN_SELF = YES;
				CLANG_WARN_OBJC_LITERAL_CONVERSION = YES;
				CLANG_WARN_OBJC_ROOT_CLASS = YES_ERROR;
				CLANG_WARN_QUOTED_INCLUDE_IN_FRAMEWORK_HEADER = YES;
				CLANG_WARN_RANGE_LOOP_ANALYSIS = YES;
				CLANG_WARN_STRICT_PROTOTYPES = YES;
				CLANG_WARN_SUSPICIOUS_MOVE = YES;
				CLANG_WARN_UNGUARDED_AVAILABILITY = YES_AGGRESSIVE;
				CLANG_WARN_UNREACHABLE_CODE = YES;
				CLANG_WARN__DUPLICATE_METHOD_MATCH = YES;
				COPY_PHASE_STRIP = NO;
				DEBUG_INFORMATION_FORMAT = dwarf;
				ENABLE_STRICT_OBJC_MSGSEND = YES;
				ENABLE_TESTABILITY = YES;
				GCC_C_LANGUAGE_STANDARD = gnu11;
				GCC_DYNAMIC_NO_PIC = NO;
				GCC_NO_COMMON_BLOCKS = YES;
				GCC_OPTIMIZATION_LEVEL = 0;
				GCC_PREPROCESSOR_DEFINITIONS = (
					"DEBUG=1",
					"$(inherited)",
				);
				GCC_WARN_64_TO_32_BIT_CONVERSION = YES;
				GCC_WARN_ABOUT_RETURN_TYPE = YES_ERROR;
				GCC_WARN_UNDECLARED_SELECTOR = YES;
				GCC_WARN_UNINITIALIZED_AUTOS = YES_AGGRESSIVE;
				GCC_WARN_UNUSED_FUNCTION = YES;
				GCC_WARN_UNUSED_VARIABLE = YES;
				IPHONEOS_DEPLOYMENT_TARGET = 14.4;
				MTL_ENABLE_DEBUG_INFO = INCLUDE_SOURCE;
				MTL_FAST_MATH = YES;
				ONLY_ACTIVE_ARCH = YES;
				SDKROOT = iphoneos;
				SWIFT_ACTIVE_COMPILATION_CONDITIONS = DEBUG;
				SWIFT_OPTIMIZATION_LEVEL = "-Onone";
			};
			name = Debug;
		};
		A4F65DE1264F26620038509C /* Release */ = {
			isa = XCBuildConfiguration;
			buildSettings = {
				ALWAYS_SEARCH_USER_PATHS = NO;
				CLANG_ANALYZER_NONNULL = YES;
				CLANG_ANALYZER_NUMBER_OBJECT_CONVERSION = YES_AGGRESSIVE;
				CLANG_CXX_LANGUAGE_STANDARD = "gnu++14";
				CLANG_CXX_LIBRARY = "libc++";
				CLANG_ENABLE_MODULES = YES;
				CLANG_ENABLE_OBJC_ARC = YES;
				CLANG_ENABLE_OBJC_WEAK = YES;
				CLANG_WARN_BLOCK_CAPTURE_AUTORELEASING = YES;
				CLANG_WARN_BOOL_CONVERSION = YES;
				CLANG_WARN_COMMA = YES;
				CLANG_WARN_CONSTANT_CONVERSION = YES;
				CLANG_WARN_DEPRECATED_OBJC_IMPLEMENTATIONS = YES;
				CLANG_WARN_DIRECT_OBJC_ISA_USAGE = YES_ERROR;
				CLANG_WARN_DOCUMENTATION_COMMENTS = YES;
				CLANG_WARN_EMPTY_BODY = YES;
				CLANG_WARN_ENUM_CONVERSION = YES;
				CLANG_WARN_INFINITE_RECURSION = YES;
				CLANG_WARN_INT_CONVERSION = YES;
				CLANG_WARN_NON_LITERAL_NULL_CONVERSION = YES;
				CLANG_WARN_OBJC_IMPLICIT_RETAIN_SELF = YES;
				CLANG_WARN_OBJC_LITERAL_CONVERSION = YES;
				CLANG_WARN_OBJC_ROOT_CLASS = YES_ERROR;
				CLANG_WARN_QUOTED_INCLUDE_IN_FRAMEWORK_HEADER = YES;
				CLANG_WARN_RANGE_LOOP_ANALYSIS = YES;
				CLANG_WARN_STRICT_PROTOTYPES = YES;
				CLANG_WARN_SUSPICIOUS_MOVE = YES;
				CLANG_WARN_UNGUARDED_AVAILABILITY = YES_AGGRESSIVE;
				CLANG_WARN_UNREACHABLE_CODE = YES;
				CLANG_WARN__DUPLICATE_METHOD_MATCH = YES;
				COPY_PHASE_STRIP = NO;
				DEBUG_INFORMATION_FORMAT = "dwarf-with-dsym";
				ENABLE_NS_ASSERTIONS = NO;
				ENABLE_STRICT_OBJC_MSGSEND = YES;
				GCC_C_LANGUAGE_STANDARD = gnu11;
				GCC_NO_COMMON_BLOCKS = YES;
				GCC_WARN_64_TO_32_BIT_CONVERSION = YES;
				GCC_WARN_ABOUT_RETURN_TYPE = YES_ERROR;
				GCC_WARN_UNDECLARED_SELECTOR = YES;
				GCC_WARN_UNINITIALIZED_AUTOS = YES_AGGRESSIVE;
				GCC_WARN_UNUSED_FUNCTION = YES;
				GCC_WARN_UNUSED_VARIABLE = YES;
				IPHONEOS_DEPLOYMENT_TARGET = 14.4;
				MTL_ENABLE_DEBUG_INFO = NO;
				MTL_FAST_MATH = YES;
				SDKROOT = iphoneos;
				SWIFT_COMPILATION_MODE = wholemodule;
				SWIFT_OPTIMIZATION_LEVEL = "-O";
				VALIDATE_PRODUCT = YES;
			};
			name = Release;
		};
		A4F65DE3264F26620038509C /* Debug */ = {
			isa = XCBuildConfiguration;
			buildSettings = {
				ASSETCATALOG_COMPILER_APPICON_NAME = AppIcon;
				ASSETCATALOG_COMPILER_GLOBAL_ACCENT_COLOR_NAME = AccentColor;
				CODE_SIGN_STYLE = Automatic;
				DEVELOPMENT_ASSET_PATHS = "\"Lince/Preview Content\"";
				DEVELOPMENT_TEAM = 2NM4FW5PL4;
				ENABLE_PREVIEWS = YES;
				INFOPLIST_FILE = Lince/Info.plist;
				IPHONEOS_DEPLOYMENT_TARGET = 14.0;
				LD_RUNPATH_SEARCH_PATHS = (
					"$(inherited)",
					"@executable_path/Frameworks",
				);
				PRODUCT_BUNDLE_IDENTIFIER = com.MeuApp.Lince;
				PRODUCT_NAME = "$(TARGET_NAME)";
				SWIFT_VERSION = 5.0;
				TARGETED_DEVICE_FAMILY = "1,2";
			};
			name = Debug;
		};
		A4F65DE4264F26620038509C /* Release */ = {
			isa = XCBuildConfiguration;
			buildSettings = {
				ASSETCATALOG_COMPILER_APPICON_NAME = AppIcon;
				ASSETCATALOG_COMPILER_GLOBAL_ACCENT_COLOR_NAME = AccentColor;
				CODE_SIGN_STYLE = Automatic;
				DEVELOPMENT_ASSET_PATHS = "\"Lince/Preview Content\"";
				DEVELOPMENT_TEAM = 2NM4FW5PL4;
				ENABLE_PREVIEWS = YES;
				INFOPLIST_FILE = Lince/Info.plist;
				IPHONEOS_DEPLOYMENT_TARGET = 14.0;
				LD_RUNPATH_SEARCH_PATHS = (
					"$(inherited)",
					"@executable_path/Frameworks",
				);
				PRODUCT_BUNDLE_IDENTIFIER = com.MeuApp.Lince;
				PRODUCT_NAME = "$(TARGET_NAME)";
				SWIFT_VERSION = 5.0;
				TARGETED_DEVICE_FAMILY = "1,2";
			};
			name = Release;
		};
/* End XCBuildConfiguration section */

/* Begin XCConfigurationList section */
		A4F65DCE264F26600038509C /* Build configuration list for PBXProject "Lince" */ = {
			isa = XCConfigurationList;
			buildConfigurations = (
				A4F65DE0264F26620038509C /* Debug */,
				A4F65DE1264F26620038509C /* Release */,
			);
			defaultConfigurationIsVisible = 0;
			defaultConfigurationName = Release;
		};
		A4F65DE2264F26620038509C /* Build configuration list for PBXNativeTarget "Lince" */ = {
			isa = XCConfigurationList;
			buildConfigurations = (
				A4F65DE3264F26620038509C /* Debug */,
				A4F65DE4264F26620038509C /* Release */,
			);
			defaultConfigurationIsVisible = 0;
			defaultConfigurationName = Release;
		};
/* End XCConfigurationList section */
	};
	rootObject = A4F65DCB264F26600038509C /* Project object */;
}
